// !$*UTF8*$!
{
	archiveVersion = 1;
	classes = {
	};
	objectVersion = 46;
	objects = {

/* Begin PBXBuildFile section */
		150D348C10112DD200486FDB /* JinzoraSmall.png in Resources */ = {isa = PBXBuildFile; fileRef = 150D348B10112DD200486FDB /* JinzoraSmall.png */; };
		15126A4D1261235D000C7743 /* RepSettingsViewController.m in Sources */ = {isa = PBXBuildFile; fileRef = 15126A4C1261235D000C7743 /* RepSettingsViewController.m */; };
		15126A4F12612372000C7743 /* RepSettingsViewController.xib in Resources */ = {isa = PBXBuildFile; fileRef = 15126A4E12612372000C7743 /* RepSettingsViewController.xib */; };
		15126A8112612C5F000C7743 /* FollowersViewController.m in Sources */ = {isa = PBXBuildFile; fileRef = 15126A8012612C5F000C7743 /* FollowersViewController.m */; };
		15126B0912624530000C7743 /* RecentsViewController.m in Sources */ = {isa = PBXBuildFile; fileRef = 15126B0812624530000C7743 /* RecentsViewController.m */; };
		153ACFE6103E174C006E24B7 /* background.png in Resources */ = {isa = PBXBuildFile; fileRef = 153ACFE4103E174C006E24B7 /* background.png */; };
		153ACFE7103E174C006E24B7 /* Default.png in Resources */ = {isa = PBXBuildFile; fileRef = 153ACFE5103E174C006E24B7 /* Default.png */; };
		153AD0D2103F17EB006E24B7 /* add_tiny_pressed.png in Resources */ = {isa = PBXBuildFile; fileRef = 153AD0C6103F17EB006E24B7 /* add_tiny_pressed.png */; };
		153AD0D3103F17EB006E24B7 /* play_small.png in Resources */ = {isa = PBXBuildFile; fileRef = 153AD0C7103F17EB006E24B7 /* play_small.png */; };
		153AD0D4103F17EB006E24B7 /* add_tiny.png in Resources */ = {isa = PBXBuildFile; fileRef = 153AD0C8103F17EB006E24B7 /* add_tiny.png */; };
		153AD0D8103F17EB006E24B7 /* play_small_presed.png in Resources */ = {isa = PBXBuildFile; fileRef = 153AD0CC103F17EB006E24B7 /* play_small_presed.png */; };
		153AD0E5103F18DC006E24B7 /* pause_small_pressed.png in Resources */ = {isa = PBXBuildFile; fileRef = 153AD0E3103F18DC006E24B7 /* pause_small_pressed.png */; };
		153AD0E6103F18DC006E24B7 /* pause_small.png in Resources */ = {isa = PBXBuildFile; fileRef = 153AD0E4103F18DC006E24B7 /* pause_small.png */; };
		1553CADB1016712500B5BD1B /* bwicon.png in Resources */ = {isa = PBXBuildFile; fileRef = 1553CADA1016712500B5BD1B /* bwicon.png */; };
		155E13E5101263C100EB8765 /* RCSemaphore.m in Sources */ = {isa = PBXBuildFile; fileRef = 155E13E3101263C100EB8765 /* RCSemaphore.m */; };
		1561ED94111C1617005F13F7 /* serversview.png in Resources */ = {isa = PBXBuildFile; fileRef = 1561ED93111C1617005F13F7 /* serversview.png */; };
		15686C31100BE4DB00369DE3 /* PreferencesViewController.m in Sources */ = {isa = PBXBuildFile; fileRef = 15686C2F100BE4DB00369DE3 /* PreferencesViewController.m */; };
		15686C3C100BE70800369DE3 /* PreferencesViewController.xib in Resources */ = {isa = PBXBuildFile; fileRef = 15686C3B100BE70800369DE3 /* PreferencesViewController.xib */; };
		15686CC0100C05DB00369DE3 /* Preferences.m in Sources */ = {isa = PBXBuildFile; fileRef = 15686CBF100C05DB00369DE3 /* Preferences.m */; };
		1568E5BA1023B11F005F14A8 /* XMLRPCRequest+RuvenExtensions.m in Sources */ = {isa = PBXBuildFile; fileRef = 1568E5B91023B11F005F14A8 /* XMLRPCRequest+RuvenExtensions.m */; };
		1568E63B1023B400005F14A8 /* NSData+Base64.m in Sources */ = {isa = PBXBuildFile; fileRef = 1568E6391023B400005F14A8 /* NSData+Base64.m */; };
		157BB74B111A20D900D90986 /* defaultaa.jpg in Resources */ = {isa = PBXBuildFile; fileRef = 157BB74A111A20D900D90986 /* defaultaa.jpg */; };
		1580DADF100D03050032424A /* ServerEditViewController.m in Sources */ = {isa = PBXBuildFile; fileRef = 1580DADD100D03050032424A /* ServerEditViewController.m */; };
		1580DAE0100D03050032424A /* ServerEditViewController.xib in Resources */ = {isa = PBXBuildFile; fileRef = 1580DADE100D03050032424A /* ServerEditViewController.xib */; };
		1580DB83100D2F550032424A /* playview.png in Resources */ = {isa = PBXBuildFile; fileRef = 1580DB82100D2F550032424A /* playview.png */; };
		1580DB85100D2FBD0032424A /* browseview.png in Resources */ = {isa = PBXBuildFile; fileRef = 1580DB84100D2FBD0032424A /* browseview.png */; };
		1580DB87100D2FD50032424A /* preferencesview.png in Resources */ = {isa = PBXBuildFile; fileRef = 1580DB86100D2FD50032424A /* preferencesview.png */; };
		159831E5103A122D007589E8 /* play_pressedB.png in Resources */ = {isa = PBXBuildFile; fileRef = 159831E3103A122D007589E8 /* play_pressedB.png */; };
		159831E6103A122D007589E8 /* playB.png in Resources */ = {isa = PBXBuildFile; fileRef = 159831E4103A122D007589E8 /* playB.png */; };
		159831EE103A14E7007589E8 /* backB.png in Resources */ = {isa = PBXBuildFile; fileRef = 159831E8103A14E7007589E8 /* backB.png */; };
		159831EF103A14E7007589E8 /* forward_pressedB.png in Resources */ = {isa = PBXBuildFile; fileRef = 159831E9103A14E7007589E8 /* forward_pressedB.png */; };
		159831F0103A14E7007589E8 /* pause_pressedB.png in Resources */ = {isa = PBXBuildFile; fileRef = 159831EA103A14E7007589E8 /* pause_pressedB.png */; };
		159831F1103A14E7007589E8 /* forwardB.png in Resources */ = {isa = PBXBuildFile; fileRef = 159831EB103A14E7007589E8 /* forwardB.png */; };
		159831F2103A14E7007589E8 /* back_pressedB.png in Resources */ = {isa = PBXBuildFile; fileRef = 159831EC103A14E7007589E8 /* back_pressedB.png */; };
		159831F3103A14E7007589E8 /* pauseB.png in Resources */ = {isa = PBXBuildFile; fileRef = 159831ED103A14E7007589E8 /* pauseB.png */; };
		15983266103A1D7F007589E8 /* play_pressedA.png in Resources */ = {isa = PBXBuildFile; fileRef = 1598325E103A1D7F007589E8 /* play_pressedA.png */; };
		15983267103A1D7F007589E8 /* playA.png in Resources */ = {isa = PBXBuildFile; fileRef = 1598325F103A1D7F007589E8 /* playA.png */; };
		15983268103A1D7F007589E8 /* pause_pressedA.png in Resources */ = {isa = PBXBuildFile; fileRef = 15983260103A1D7F007589E8 /* pause_pressedA.png */; };
		15983269103A1D7F007589E8 /* pauseA.png in Resources */ = {isa = PBXBuildFile; fileRef = 15983261103A1D7F007589E8 /* pauseA.png */; };
		1598326A103A1D7F007589E8 /* forward_pressedA.png in Resources */ = {isa = PBXBuildFile; fileRef = 15983262103A1D7F007589E8 /* forward_pressedA.png */; };
		1598326B103A1D7F007589E8 /* backA.png in Resources */ = {isa = PBXBuildFile; fileRef = 15983263103A1D7F007589E8 /* backA.png */; };
		1598326C103A1D7F007589E8 /* back_pressedA.png in Resources */ = {isa = PBXBuildFile; fileRef = 15983264103A1D7F007589E8 /* back_pressedA.png */; };
		1598326D103A1D7F007589E8 /* forwardA.png in Resources */ = {isa = PBXBuildFile; fileRef = 15983265103A1D7F007589E8 /* forwardA.png */; };
		1598353E103B515C007589E8 /* backgroundold.png in Resources */ = {isa = PBXBuildFile; fileRef = 1598353D103B515C007589E8 /* backgroundold.png */; };
		15983541103B5240007589E8 /* backgroundblue.png in Resources */ = {isa = PBXBuildFile; fileRef = 15983540103B5240007589E8 /* backgroundblue.png */; };
		15983580103B5424007589E8 /* add_bar_icon.png in Resources */ = {isa = PBXBuildFile; fileRef = 1598357E103B5424007589E8 /* add_bar_icon.png */; };
		15983581103B5424007589E8 /* play_bar_icon.png in Resources */ = {isa = PBXBuildFile; fileRef = 1598357F103B5424007589E8 /* play_bar_icon.png */; };
		1598358A103B58C3007589E8 /* playlist_bar_icon.png in Resources */ = {isa = PBXBuildFile; fileRef = 15983589103B58C3007589E8 /* playlist_bar_icon.png */; };
		15AD8CAE10A0BA1F00074A9B /* ServersViewController.m in Sources */ = {isa = PBXBuildFile; fileRef = 15AD8CAD10A0BA1F00074A9B /* ServersViewController.m */; };
		15CF7AC71006A59B000C2E75 /* Utilities.m in Sources */ = {isa = PBXBuildFile; fileRef = 15CF7AC61006A59B000C2E75 /* Utilities.m */; };
		15CF7AD31006A5E8000C2E75 /* backgroundorigin.png in Resources */ = {isa = PBXBuildFile; fileRef = 15CF7ACA1006A5E8000C2E75 /* backgroundorigin.png */; };
		15CF7AF01006A636000C2E75 /* XMLValueDecoder.m in Sources */ = {isa = PBXBuildFile; fileRef = 15CF7AE31006A636000C2E75 /* XMLValueDecoder.m */; };
		15CF7AF11006A636000C2E75 /* XMLRPCConnection.m in Sources */ = {isa = PBXBuildFile; fileRef = 15CF7AE51006A636000C2E75 /* XMLRPCConnection.m */; };
		15CF7AF21006A636000C2E75 /* XMLRPCDecoder.m in Sources */ = {isa = PBXBuildFile; fileRef = 15CF7AE71006A636000C2E75 /* XMLRPCDecoder.m */; };
		15CF7AF31006A636000C2E75 /* XMLRPCEncoder.m in Sources */ = {isa = PBXBuildFile; fileRef = 15CF7AE91006A636000C2E75 /* XMLRPCEncoder.m */; };
		15CF7AF41006A636000C2E75 /* XMLRPCExtensions.m in Sources */ = {isa = PBXBuildFile; fileRef = 15CF7AEB1006A636000C2E75 /* XMLRPCExtensions.m */; };
		15CF7AF51006A636000C2E75 /* XMLRPCRequest.m in Sources */ = {isa = PBXBuildFile; fileRef = 15CF7AED1006A636000C2E75 /* XMLRPCRequest.m */; };
		15CF7AF61006A636000C2E75 /* XMLRPCResponse.m in Sources */ = {isa = PBXBuildFile; fileRef = 15CF7AEF1006A636000C2E75 /* XMLRPCResponse.m */; };
		15CF7B6E1006AA0A000C2E75 /* MediaPlayer.framework in Frameworks */ = {isa = PBXBuildFile; fileRef = 15CF7B6D1006AA0A000C2E75 /* MediaPlayer.framework */; };
		15CF7CA61006AFD9000C2E75 /* BrowseViewController.m in Sources */ = {isa = PBXBuildFile; fileRef = 15CF7CA51006AFD9000C2E75 /* BrowseViewController.m */; };
		15CF7D441006B911000C2E75 /* Playlist.m in Sources */ = {isa = PBXBuildFile; fileRef = 15CF7D411006B911000C2E75 /* Playlist.m */; };
		15CF7D451006B911000C2E75 /* Song.m in Sources */ = {isa = PBXBuildFile; fileRef = 15CF7D431006B911000C2E75 /* Song.m */; };
		15CF7D801006BE26000C2E75 /* QuartzCore.framework in Frameworks */ = {isa = PBXBuildFile; fileRef = 15CF7D7F1006BE26000C2E75 /* QuartzCore.framework */; };
		15CF7D841006BE30000C2E75 /* CFNetwork.framework in Frameworks */ = {isa = PBXBuildFile; fileRef = 15CF7D831006BE30000C2E75 /* CFNetwork.framework */; };
		15CF7D881006BE49000C2E75 /* AudioToolbox.framework in Frameworks */ = {isa = PBXBuildFile; fileRef = 15CF7D871006BE49000C2E75 /* AudioToolbox.framework */; };
		15CF7D921006BF51000C2E75 /* PlayViewController.m in Sources */ = {isa = PBXBuildFile; fileRef = 15CF7D901006BF51000C2E75 /* PlayViewController.m */; };
		15CF7D931006BF51000C2E75 /* PlayViewController.xib in Resources */ = {isa = PBXBuildFile; fileRef = 15CF7D911006BF51000C2E75 /* PlayViewController.xib */; };
		15E2153D1007E6E3003283CF /* TrackHeaderView.m in Sources */ = {isa = PBXBuildFile; fileRef = 15E2153C1007E6E3003283CF /* TrackHeaderView.m */; };
		15E215E81008059E003283CF /* AlbumArtView.m in Sources */ = {isa = PBXBuildFile; fileRef = 15E215E71008059E003283CF /* AlbumArtView.m */; };
		15E216DE100BB83D003283CF /* PlaylistViewController.m in Sources */ = {isa = PBXBuildFile; fileRef = 15E216DD100BB83D003283CF /* PlaylistViewController.m */; };
		15E3B6C31028DA20007B0911 /* AddressBook.framework in Frameworks */ = {isa = PBXBuildFile; fileRef = 15E3B6C21028DA20007B0911 /* AddressBook.framework */; };
		15E3B6C71028DA28007B0911 /* AddressBookUI.framework in Frameworks */ = {isa = PBXBuildFile; fileRef = 15E3B6C61028DA28007B0911 /* AddressBookUI.framework */; };
		15EBC6451012EAC500A80EFD /* NSObject+SBJSON.m in Sources */ = {isa = PBXBuildFile; fileRef = 15EBC63A1012EAC500A80EFD /* NSObject+SBJSON.m */; };
		15EBC6461012EAC500A80EFD /* NSString+SBJSON.m in Sources */ = {isa = PBXBuildFile; fileRef = 15EBC63C1012EAC500A80EFD /* NSString+SBJSON.m */; };
		15EBC6471012EAC500A80EFD /* SBJSON.m in Sources */ = {isa = PBXBuildFile; fileRef = 15EBC63E1012EAC500A80EFD /* SBJSON.m */; };
		15EBC6481012EAC500A80EFD /* SBJsonBase.m in Sources */ = {isa = PBXBuildFile; fileRef = 15EBC6401012EAC500A80EFD /* SBJsonBase.m */; };
		15EBC6491012EAC500A80EFD /* SBJsonParser.m in Sources */ = {isa = PBXBuildFile; fileRef = 15EBC6421012EAC500A80EFD /* SBJsonParser.m */; };
		15EBC64A1012EAC500A80EFD /* SBJsonWriter.m in Sources */ = {isa = PBXBuildFile; fileRef = 15EBC6441012EAC500A80EFD /* SBJsonWriter.m */; };
		15F6FD021030EA3D00D9AA50 /* AudioStreamer.m in Sources */ = {isa = PBXBuildFile; fileRef = 15F6FD001030EA3D00D9AA50 /* AudioStreamer.m */; };
		1837786015B9316900BD78EB /* SystemConfiguration.framework in Frameworks */ = {isa = PBXBuildFile; fileRef = 1837785F15B9316900BD78EB /* SystemConfiguration.framework */; };
		1837786315B9336600BD78EB /* Reachability.m in Sources */ = {isa = PBXBuildFile; fileRef = 1837786215B9336600BD78EB /* Reachability.m */; };
		18890DEB15A951AA00F5B581 /* DownloadViewController.m in Sources */ = {isa = PBXBuildFile; fileRef = 18890DEA15A951AA00F5B581 /* DownloadViewController.m */; };
		18890DEF15A9577A00F5B581 /* NSString+XMLExtensions.m in Sources */ = {isa = PBXBuildFile; fileRef = 18890DEE15A9577A00F5B581 /* NSString+XMLExtensions.m */; };
		188AF8AC15AAA16C002CF1A1 /* AVFoundation.framework in Frameworks */ = {isa = PBXBuildFile; fileRef = 188AF8AB15AAA16C002CF1A1 /* AVFoundation.framework */; };
		188C727C15BC9B81004F7475 /* MyAVAudioPlayer.m in Sources */ = {isa = PBXBuildFile; fileRef = 188C727B15BC9B81004F7475 /* MyAVAudioPlayer.m */; };
		1D3623260D0F684500981E51 /* JinzoraMobileAppDelegate.m in Sources */ = {isa = PBXBuildFile; fileRef = 1D3623250D0F684500981E51 /* JinzoraMobileAppDelegate.m */; };
		1D60589B0D05DD56006BFB54 /* main.m in Sources */ = {isa = PBXBuildFile; fileRef = 29B97316FDCFA39411CA2CEA /* main.m */; };
		1D60589F0D05DD5A006BFB54 /* Foundation.framework in Frameworks */ = {isa = PBXBuildFile; fileRef = 1D30AB110D05D00D00671497 /* Foundation.framework */; };
		1DF5F4E00D08C38300B7A737 /* UIKit.framework in Frameworks */ = {isa = PBXBuildFile; fileRef = 1DF5F4DF0D08C38300B7A737 /* UIKit.framework */; };
		288765FD0DF74451002DB57D /* CoreGraphics.framework in Frameworks */ = {isa = PBXBuildFile; fileRef = 288765FC0DF74451002DB57D /* CoreGraphics.framework */; };
		28AD733F0D9D9553002E5188 /* MainWindow.xib in Resources */ = {isa = PBXBuildFile; fileRef = 28AD733E0D9D9553002E5188 /* MainWindow.xib */; };
/* End PBXBuildFile section */

/* Begin PBXFileReference section */
		150D348B10112DD200486FDB /* JinzoraSmall.png */ = {isa = PBXFileReference; lastKnownFileType = image.png; path = JinzoraSmall.png; sourceTree = "<group>"; };
		15126A4B1261235D000C7743 /* RepSettingsViewController.h */ = {isa = PBXFileReference; fileEncoding = 4; lastKnownFileType = sourcecode.c.h; path = RepSettingsViewController.h; sourceTree = "<group>"; };
		15126A4C1261235D000C7743 /* RepSettingsViewController.m */ = {isa = PBXFileReference; fileEncoding = 4; lastKnownFileType = sourcecode.c.objc; path = RepSettingsViewController.m; sourceTree = "<group>"; };
		15126A4E12612372000C7743 /* RepSettingsViewController.xib */ = {isa = PBXFileReference; lastKnownFileType = file.xib; path = RepSettingsViewController.xib; sourceTree = "<group>"; };
		15126A7F12612C5F000C7743 /* FollowersViewController.h */ = {isa = PBXFileReference; fileEncoding = 4; lastKnownFileType = sourcecode.c.h; path = FollowersViewController.h; sourceTree = "<group>"; };
		15126A8012612C5F000C7743 /* FollowersViewController.m */ = {isa = PBXFileReference; fileEncoding = 4; lastKnownFileType = sourcecode.c.objc; path = FollowersViewController.m; sourceTree = "<group>"; };
		15126B0712624530000C7743 /* RecentsViewController.h */ = {isa = PBXFileReference; fileEncoding = 4; lastKnownFileType = sourcecode.c.h; path = RecentsViewController.h; sourceTree = "<group>"; };
		15126B0812624530000C7743 /* RecentsViewController.m */ = {isa = PBXFileReference; fileEncoding = 4; lastKnownFileType = sourcecode.c.objc; path = RecentsViewController.m; sourceTree = "<group>"; };
		153ACFE4103E174C006E24B7 /* background.png */ = {isa = PBXFileReference; lastKnownFileType = image.png; path = background.png; sourceTree = "<group>"; };
		153ACFE5103E174C006E24B7 /* Default.png */ = {isa = PBXFileReference; lastKnownFileType = image.png; path = Default.png; sourceTree = "<group>"; };
		153AD0C6103F17EB006E24B7 /* add_tiny_pressed.png */ = {isa = PBXFileReference; lastKnownFileType = image.png; path = add_tiny_pressed.png; sourceTree = "<group>"; };
		153AD0C7103F17EB006E24B7 /* play_small.png */ = {isa = PBXFileReference; lastKnownFileType = image.png; path = play_small.png; sourceTree = "<group>"; };
		153AD0C8103F17EB006E24B7 /* add_tiny.png */ = {isa = PBXFileReference; lastKnownFileType = image.png; path = add_tiny.png; sourceTree = "<group>"; };
		153AD0CC103F17EB006E24B7 /* play_small_presed.png */ = {isa = PBXFileReference; lastKnownFileType = image.png; path = play_small_presed.png; sourceTree = "<group>"; };
		153AD0E3103F18DC006E24B7 /* pause_small_pressed.png */ = {isa = PBXFileReference; lastKnownFileType = image.png; path = pause_small_pressed.png; sourceTree = "<group>"; };
		153AD0E4103F18DC006E24B7 /* pause_small.png */ = {isa = PBXFileReference; lastKnownFileType = image.png; path = pause_small.png; sourceTree = "<group>"; };
		1553CADA1016712500B5BD1B /* bwicon.png */ = {isa = PBXFileReference; lastKnownFileType = image.png; path = bwicon.png; sourceTree = "<group>"; };
		155E13E3101263C100EB8765 /* RCSemaphore.m */ = {isa = PBXFileReference; fileEncoding = 4; lastKnownFileType = sourcecode.c.objc; path = RCSemaphore.m; sourceTree = "<group>"; };
		155E13E4101263C100EB8765 /* RCSemaphore.h */ = {isa = PBXFileReference; fileEncoding = 4; lastKnownFileType = sourcecode.c.h; path = RCSemaphore.h; sourceTree = "<group>"; };
		1561ED93111C1617005F13F7 /* serversview.png */ = {isa = PBXFileReference; lastKnownFileType = image.png; path = serversview.png; sourceTree = "<group>"; };
		15686C2E100BE4DB00369DE3 /* PreferencesViewController.h */ = {isa = PBXFileReference; fileEncoding = 4; lastKnownFileType = sourcecode.c.h; path = PreferencesViewController.h; sourceTree = "<group>"; };
		15686C2F100BE4DB00369DE3 /* PreferencesViewController.m */ = {isa = PBXFileReference; fileEncoding = 4; lastKnownFileType = sourcecode.c.objc; path = PreferencesViewController.m; sourceTree = "<group>"; };
		15686C3B100BE70800369DE3 /* PreferencesViewController.xib */ = {isa = PBXFileReference; lastKnownFileType = file.xib; path = PreferencesViewController.xib; sourceTree = "<group>"; };
		15686CBE100C05DB00369DE3 /* Preferences.h */ = {isa = PBXFileReference; fileEncoding = 4; lastKnownFileType = sourcecode.c.h; path = Preferences.h; sourceTree = "<group>"; };
		15686CBF100C05DB00369DE3 /* Preferences.m */ = {isa = PBXFileReference; fileEncoding = 4; lastKnownFileType = sourcecode.c.objc; path = Preferences.m; sourceTree = "<group>"; };
		1568E5B81023B11F005F14A8 /* XMLRPCRequest+RuvenExtensions.h */ = {isa = PBXFileReference; fileEncoding = 4; lastKnownFileType = sourcecode.c.h; path = "XMLRPCRequest+RuvenExtensions.h"; sourceTree = "<group>"; };
		1568E5B91023B11F005F14A8 /* XMLRPCRequest+RuvenExtensions.m */ = {isa = PBXFileReference; fileEncoding = 4; lastKnownFileType = sourcecode.c.objc; path = "XMLRPCRequest+RuvenExtensions.m"; sourceTree = "<group>"; };
		1568E6391023B400005F14A8 /* NSData+Base64.m */ = {isa = PBXFileReference; fileEncoding = 4; lastKnownFileType = sourcecode.c.objc; path = "NSData+Base64.m"; sourceTree = "<group>"; };
		1568E63A1023B400005F14A8 /* NSData+Base64.h */ = {isa = PBXFileReference; fileEncoding = 4; lastKnownFileType = sourcecode.c.h; path = "NSData+Base64.h"; sourceTree = "<group>"; };
		157BB74A111A20D900D90986 /* defaultaa.jpg */ = {isa = PBXFileReference; lastKnownFileType = image.jpeg; path = defaultaa.jpg; sourceTree = "<group>"; };
		1580DADC100D03050032424A /* ServerEditViewController.h */ = {isa = PBXFileReference; fileEncoding = 4; lastKnownFileType = sourcecode.c.h; path = ServerEditViewController.h; sourceTree = "<group>"; };
		1580DADD100D03050032424A /* ServerEditViewController.m */ = {isa = PBXFileReference; fileEncoding = 4; lastKnownFileType = sourcecode.c.objc; path = ServerEditViewController.m; sourceTree = "<group>"; };
		1580DADE100D03050032424A /* ServerEditViewController.xib */ = {isa = PBXFileReference; lastKnownFileType = file.xib; name = ServerEditViewController.xib; path = Classes/ServerEditViewController.xib; sourceTree = "<group>"; };
		1580DB82100D2F550032424A /* playview.png */ = {isa = PBXFileReference; lastKnownFileType = image.png; path = playview.png; sourceTree = "<group>"; };
		1580DB84100D2FBD0032424A /* browseview.png */ = {isa = PBXFileReference; lastKnownFileType = image.png; path = browseview.png; sourceTree = "<group>"; };
		1580DB86100D2FD50032424A /* preferencesview.png */ = {isa = PBXFileReference; lastKnownFileType = image.png; path = preferencesview.png; sourceTree = "<group>"; };
		159831E3103A122D007589E8 /* play_pressedB.png */ = {isa = PBXFileReference; lastKnownFileType = image.png; path = play_pressedB.png; sourceTree = "<group>"; };
		159831E4103A122D007589E8 /* playB.png */ = {isa = PBXFileReference; lastKnownFileType = image.png; path = playB.png; sourceTree = "<group>"; };
		159831E8103A14E7007589E8 /* backB.png */ = {isa = PBXFileReference; lastKnownFileType = image.png; path = backB.png; sourceTree = "<group>"; };
		159831E9103A14E7007589E8 /* forward_pressedB.png */ = {isa = PBXFileReference; lastKnownFileType = image.png; path = forward_pressedB.png; sourceTree = "<group>"; };
		159831EA103A14E7007589E8 /* pause_pressedB.png */ = {isa = PBXFileReference; lastKnownFileType = image.png; path = pause_pressedB.png; sourceTree = "<group>"; };
		159831EB103A14E7007589E8 /* forwardB.png */ = {isa = PBXFileReference; lastKnownFileType = image.png; path = forwardB.png; sourceTree = "<group>"; };
		159831EC103A14E7007589E8 /* back_pressedB.png */ = {isa = PBXFileReference; lastKnownFileType = image.png; path = back_pressedB.png; sourceTree = "<group>"; };
		159831ED103A14E7007589E8 /* pauseB.png */ = {isa = PBXFileReference; lastKnownFileType = image.png; path = pauseB.png; sourceTree = "<group>"; };
		1598325E103A1D7F007589E8 /* play_pressedA.png */ = {isa = PBXFileReference; lastKnownFileType = image.png; path = play_pressedA.png; sourceTree = "<group>"; };
		1598325F103A1D7F007589E8 /* playA.png */ = {isa = PBXFileReference; lastKnownFileType = image.png; path = playA.png; sourceTree = "<group>"; };
		15983260103A1D7F007589E8 /* pause_pressedA.png */ = {isa = PBXFileReference; lastKnownFileType = image.png; path = pause_pressedA.png; sourceTree = "<group>"; };
		15983261103A1D7F007589E8 /* pauseA.png */ = {isa = PBXFileReference; lastKnownFileType = image.png; path = pauseA.png; sourceTree = "<group>"; };
		15983262103A1D7F007589E8 /* forward_pressedA.png */ = {isa = PBXFileReference; lastKnownFileType = image.png; path = forward_pressedA.png; sourceTree = "<group>"; };
		15983263103A1D7F007589E8 /* backA.png */ = {isa = PBXFileReference; lastKnownFileType = image.png; path = backA.png; sourceTree = "<group>"; };
		15983264103A1D7F007589E8 /* back_pressedA.png */ = {isa = PBXFileReference; lastKnownFileType = image.png; path = back_pressedA.png; sourceTree = "<group>"; };
		15983265103A1D7F007589E8 /* forwardA.png */ = {isa = PBXFileReference; lastKnownFileType = image.png; path = forwardA.png; sourceTree = "<group>"; };
		1598353D103B515C007589E8 /* backgroundold.png */ = {isa = PBXFileReference; lastKnownFileType = image.png; path = backgroundold.png; sourceTree = "<group>"; };
		15983540103B5240007589E8 /* backgroundblue.png */ = {isa = PBXFileReference; lastKnownFileType = image.png; path = backgroundblue.png; sourceTree = "<group>"; };
		1598357E103B5424007589E8 /* add_bar_icon.png */ = {isa = PBXFileReference; lastKnownFileType = image.png; path = add_bar_icon.png; sourceTree = "<group>"; };
		1598357F103B5424007589E8 /* play_bar_icon.png */ = {isa = PBXFileReference; lastKnownFileType = image.png; path = play_bar_icon.png; sourceTree = "<group>"; };
		15983589103B58C3007589E8 /* playlist_bar_icon.png */ = {isa = PBXFileReference; lastKnownFileType = image.png; path = playlist_bar_icon.png; sourceTree = "<group>"; };
		15AD8CAC10A0BA1F00074A9B /* ServersViewController.h */ = {isa = PBXFileReference; fileEncoding = 4; lastKnownFileType = sourcecode.c.h; path = ServersViewController.h; sourceTree = "<group>"; };
		15AD8CAD10A0BA1F00074A9B /* ServersViewController.m */ = {isa = PBXFileReference; fileEncoding = 4; lastKnownFileType = sourcecode.c.objc; path = ServersViewController.m; sourceTree = "<group>"; };
		15CF7AC51006A59B000C2E75 /* Utilities.h */ = {isa = PBXFileReference; fileEncoding = 4; lastKnownFileType = sourcecode.c.h; path = Utilities.h; sourceTree = "<group>"; };
		15CF7AC61006A59B000C2E75 /* Utilities.m */ = {isa = PBXFileReference; fileEncoding = 4; lastKnownFileType = sourcecode.c.objc; path = Utilities.m; sourceTree = "<group>"; };
		15CF7ACA1006A5E8000C2E75 /* backgroundorigin.png */ = {isa = PBXFileReference; lastKnownFileType = image.png; path = backgroundorigin.png; sourceTree = "<group>"; };
		15CF7AE21006A636000C2E75 /* XMLValueDecoder.h */ = {isa = PBXFileReference; fileEncoding = 4; lastKnownFileType = sourcecode.c.h; path = XMLValueDecoder.h; sourceTree = "<group>"; };
		15CF7AE31006A636000C2E75 /* XMLValueDecoder.m */ = {isa = PBXFileReference; fileEncoding = 4; lastKnownFileType = sourcecode.c.objc; path = XMLValueDecoder.m; sourceTree = "<group>"; };
		15CF7AE41006A636000C2E75 /* XMLRPCConnection.h */ = {isa = PBXFileReference; fileEncoding = 4; lastKnownFileType = sourcecode.c.h; path = XMLRPCConnection.h; sourceTree = "<group>"; };
		15CF7AE51006A636000C2E75 /* XMLRPCConnection.m */ = {isa = PBXFileReference; fileEncoding = 4; lastKnownFileType = sourcecode.c.objc; path = XMLRPCConnection.m; sourceTree = "<group>"; };
		15CF7AE61006A636000C2E75 /* XMLRPCDecoder.h */ = {isa = PBXFileReference; fileEncoding = 4; lastKnownFileType = sourcecode.c.h; path = XMLRPCDecoder.h; sourceTree = "<group>"; };
		15CF7AE71006A636000C2E75 /* XMLRPCDecoder.m */ = {isa = PBXFileReference; fileEncoding = 4; lastKnownFileType = sourcecode.c.objc; path = XMLRPCDecoder.m; sourceTree = "<group>"; };
		15CF7AE81006A636000C2E75 /* XMLRPCEncoder.h */ = {isa = PBXFileReference; fileEncoding = 4; lastKnownFileType = sourcecode.c.h; path = XMLRPCEncoder.h; sourceTree = "<group>"; };
		15CF7AE91006A636000C2E75 /* XMLRPCEncoder.m */ = {isa = PBXFileReference; fileEncoding = 4; lastKnownFileType = sourcecode.c.objc; path = XMLRPCEncoder.m; sourceTree = "<group>"; };
		15CF7AEA1006A636000C2E75 /* XMLRPCExtensions.h */ = {isa = PBXFileReference; fileEncoding = 4; lastKnownFileType = sourcecode.c.h; path = XMLRPCExtensions.h; sourceTree = "<group>"; };
		15CF7AEB1006A636000C2E75 /* XMLRPCExtensions.m */ = {isa = PBXFileReference; fileEncoding = 4; lastKnownFileType = sourcecode.c.objc; path = XMLRPCExtensions.m; sourceTree = "<group>"; };
		15CF7AEC1006A636000C2E75 /* XMLRPCRequest.h */ = {isa = PBXFileReference; fileEncoding = 4; lastKnownFileType = sourcecode.c.h; path = XMLRPCRequest.h; sourceTree = "<group>"; };
		15CF7AED1006A636000C2E75 /* XMLRPCRequest.m */ = {isa = PBXFileReference; fileEncoding = 4; lastKnownFileType = sourcecode.c.objc; path = XMLRPCRequest.m; sourceTree = "<group>"; };
		15CF7AEE1006A636000C2E75 /* XMLRPCResponse.h */ = {isa = PBXFileReference; fileEncoding = 4; lastKnownFileType = sourcecode.c.h; path = XMLRPCResponse.h; sourceTree = "<group>"; };
		15CF7AEF1006A636000C2E75 /* XMLRPCResponse.m */ = {isa = PBXFileReference; fileEncoding = 4; lastKnownFileType = sourcecode.c.objc; path = XMLRPCResponse.m; sourceTree = "<group>"; };
		15CF7B6D1006AA0A000C2E75 /* MediaPlayer.framework */ = {isa = PBXFileReference; lastKnownFileType = wrapper.framework; name = MediaPlayer.framework; path = System/Library/Frameworks/MediaPlayer.framework; sourceTree = SDKROOT; };
		15CF7CA41006AFD8000C2E75 /* BrowseViewController.h */ = {isa = PBXFileReference; fileEncoding = 4; lastKnownFileType = sourcecode.c.h; path = BrowseViewController.h; sourceTree = "<group>"; };
		15CF7CA51006AFD9000C2E75 /* BrowseViewController.m */ = {isa = PBXFileReference; fileEncoding = 4; lastKnownFileType = sourcecode.c.objc; path = BrowseViewController.m; sourceTree = "<group>"; };
		15CF7D401006B911000C2E75 /* Playlist.h */ = {isa = PBXFileReference; fileEncoding = 4; lastKnownFileType = sourcecode.c.h; path = Playlist.h; sourceTree = "<group>"; };
		15CF7D411006B911000C2E75 /* Playlist.m */ = {isa = PBXFileReference; fileEncoding = 4; lastKnownFileType = sourcecode.c.objc; path = Playlist.m; sourceTree = "<group>"; };
		15CF7D421006B911000C2E75 /* Song.h */ = {isa = PBXFileReference; fileEncoding = 4; lastKnownFileType = sourcecode.c.h; path = Song.h; sourceTree = "<group>"; };
		15CF7D431006B911000C2E75 /* Song.m */ = {isa = PBXFileReference; fileEncoding = 4; lastKnownFileType = sourcecode.c.objc; path = Song.m; sourceTree = "<group>"; };
		15CF7D7F1006BE26000C2E75 /* QuartzCore.framework */ = {isa = PBXFileReference; lastKnownFileType = wrapper.framework; name = QuartzCore.framework; path = System/Library/Frameworks/QuartzCore.framework; sourceTree = SDKROOT; };
		15CF7D831006BE30000C2E75 /* CFNetwork.framework */ = {isa = PBXFileReference; lastKnownFileType = wrapper.framework; name = CFNetwork.framework; path = System/Library/Frameworks/CFNetwork.framework; sourceTree = SDKROOT; };
		15CF7D871006BE49000C2E75 /* AudioToolbox.framework */ = {isa = PBXFileReference; lastKnownFileType = wrapper.framework; name = AudioToolbox.framework; path = System/Library/Frameworks/AudioToolbox.framework; sourceTree = SDKROOT; };
		15CF7D8F1006BF51000C2E75 /* PlayViewController.h */ = {isa = PBXFileReference; fileEncoding = 4; lastKnownFileType = sourcecode.c.h; path = PlayViewController.h; sourceTree = "<group>"; };
		15CF7D901006BF51000C2E75 /* PlayViewController.m */ = {isa = PBXFileReference; fileEncoding = 4; lastKnownFileType = sourcecode.c.objc; path = PlayViewController.m; sourceTree = "<group>"; };
		15CF7D911006BF51000C2E75 /* PlayViewController.xib */ = {isa = PBXFileReference; lastKnownFileType = file.xib; name = PlayViewController.xib; path = Classes/PlayViewController.xib; sourceTree = "<group>"; };
		15E2153B1007E6E3003283CF /* TrackHeaderView.h */ = {isa = PBXFileReference; fileEncoding = 4; lastKnownFileType = sourcecode.c.h; path = TrackHeaderView.h; sourceTree = "<group>"; };
		15E2153C1007E6E3003283CF /* TrackHeaderView.m */ = {isa = PBXFileReference; fileEncoding = 4; lastKnownFileType = sourcecode.c.objc; path = TrackHeaderView.m; sourceTree = "<group>"; };
		15E215E61008059E003283CF /* AlbumArtView.h */ = {isa = PBXFileReference; fileEncoding = 4; lastKnownFileType = sourcecode.c.h; path = AlbumArtView.h; sourceTree = "<group>"; };
		15E215E71008059E003283CF /* AlbumArtView.m */ = {isa = PBXFileReference; fileEncoding = 4; lastKnownFileType = sourcecode.c.objc; path = AlbumArtView.m; sourceTree = "<group>"; };
		15E216DC100BB83D003283CF /* PlaylistViewController.h */ = {isa = PBXFileReference; fileEncoding = 4; lastKnownFileType = sourcecode.c.h; path = PlaylistViewController.h; sourceTree = "<group>"; };
		15E216DD100BB83D003283CF /* PlaylistViewController.m */ = {isa = PBXFileReference; fileEncoding = 4; lastKnownFileType = sourcecode.c.objc; path = PlaylistViewController.m; sourceTree = "<group>"; };
		15E3B6C21028DA20007B0911 /* AddressBook.framework */ = {isa = PBXFileReference; lastKnownFileType = wrapper.framework; name = AddressBook.framework; path = System/Library/Frameworks/AddressBook.framework; sourceTree = SDKROOT; };
		15E3B6C61028DA28007B0911 /* AddressBookUI.framework */ = {isa = PBXFileReference; lastKnownFileType = wrapper.framework; name = AddressBookUI.framework; path = System/Library/Frameworks/AddressBookUI.framework; sourceTree = SDKROOT; };
		15EBC6381012EAC500A80EFD /* JSON.h */ = {isa = PBXFileReference; fileEncoding = 4; lastKnownFileType = sourcecode.c.h; path = JSON.h; sourceTree = "<group>"; };
		15EBC6391012EAC500A80EFD /* NSObject+SBJSON.h */ = {isa = PBXFileReference; fileEncoding = 4; lastKnownFileType = sourcecode.c.h; path = "NSObject+SBJSON.h"; sourceTree = "<group>"; };
		15EBC63A1012EAC500A80EFD /* NSObject+SBJSON.m */ = {isa = PBXFileReference; fileEncoding = 4; lastKnownFileType = sourcecode.c.objc; path = "NSObject+SBJSON.m"; sourceTree = "<group>"; };
		15EBC63B1012EAC500A80EFD /* NSString+SBJSON.h */ = {isa = PBXFileReference; fileEncoding = 4; lastKnownFileType = sourcecode.c.h; path = "NSString+SBJSON.h"; sourceTree = "<group>"; };
		15EBC63C1012EAC500A80EFD /* NSString+SBJSON.m */ = {isa = PBXFileReference; fileEncoding = 4; lastKnownFileType = sourcecode.c.objc; path = "NSString+SBJSON.m"; sourceTree = "<group>"; };
		15EBC63D1012EAC500A80EFD /* SBJSON.h */ = {isa = PBXFileReference; fileEncoding = 4; lastKnownFileType = sourcecode.c.h; path = SBJSON.h; sourceTree = "<group>"; };
		15EBC63E1012EAC500A80EFD /* SBJSON.m */ = {isa = PBXFileReference; fileEncoding = 4; lastKnownFileType = sourcecode.c.objc; path = SBJSON.m; sourceTree = "<group>"; };
		15EBC63F1012EAC500A80EFD /* SBJsonBase.h */ = {isa = PBXFileReference; fileEncoding = 4; lastKnownFileType = sourcecode.c.h; path = SBJsonBase.h; sourceTree = "<group>"; };
		15EBC6401012EAC500A80EFD /* SBJsonBase.m */ = {isa = PBXFileReference; fileEncoding = 4; lastKnownFileType = sourcecode.c.objc; path = SBJsonBase.m; sourceTree = "<group>"; };
		15EBC6411012EAC500A80EFD /* SBJsonParser.h */ = {isa = PBXFileReference; fileEncoding = 4; lastKnownFileType = sourcecode.c.h; path = SBJsonParser.h; sourceTree = "<group>"; };
		15EBC6421012EAC500A80EFD /* SBJsonParser.m */ = {isa = PBXFileReference; fileEncoding = 4; lastKnownFileType = sourcecode.c.objc; path = SBJsonParser.m; sourceTree = "<group>"; };
		15EBC6431012EAC500A80EFD /* SBJsonWriter.h */ = {isa = PBXFileReference; fileEncoding = 4; lastKnownFileType = sourcecode.c.h; path = SBJsonWriter.h; sourceTree = "<group>"; };
		15EBC6441012EAC500A80EFD /* SBJsonWriter.m */ = {isa = PBXFileReference; fileEncoding = 4; lastKnownFileType = sourcecode.c.objc; path = SBJsonWriter.m; sourceTree = "<group>"; };
		15F6FD001030EA3D00D9AA50 /* AudioStreamer.m */ = {isa = PBXFileReference; fileEncoding = 4; lastKnownFileType = sourcecode.c.objc; path = AudioStreamer.m; sourceTree = "<group>"; };
		15F6FD011030EA3D00D9AA50 /* AudioStreamer.h */ = {isa = PBXFileReference; fileEncoding = 4; lastKnownFileType = sourcecode.c.h; path = AudioStreamer.h; sourceTree = "<group>"; };
		1837785F15B9316900BD78EB /* SystemConfiguration.framework */ = {isa = PBXFileReference; lastKnownFileType = wrapper.framework; name = SystemConfiguration.framework; path = System/Library/Frameworks/SystemConfiguration.framework; sourceTree = SDKROOT; };
		1837786115B9334E00BD78EB /* Reachability.h */ = {isa = PBXFileReference; fileEncoding = 4; lastKnownFileType = sourcecode.c.h; path = Reachability.h; sourceTree = "<group>"; };
		1837786215B9336600BD78EB /* Reachability.m */ = {isa = PBXFileReference; fileEncoding = 4; lastKnownFileType = sourcecode.c.objc; path = Reachability.m; sourceTree = "<group>"; };
		18890DE915A951AA00F5B581 /* DownloadViewController.h */ = {isa = PBXFileReference; fileEncoding = 4; lastKnownFileType = sourcecode.c.h; path = DownloadViewController.h; sourceTree = "<group>"; };
		18890DEA15A951AA00F5B581 /* DownloadViewController.m */ = {isa = PBXFileReference; fileEncoding = 4; lastKnownFileType = sourcecode.c.objc; path = DownloadViewController.m; sourceTree = "<group>"; };
		18890DED15A9570200F5B581 /* NSString+XMLExtensions.h */ = {isa = PBXFileReference; lastKnownFileType = sourcecode.c.h; path = "NSString+XMLExtensions.h"; sourceTree = "<group>"; };
		18890DEE15A9577A00F5B581 /* NSString+XMLExtensions.m */ = {isa = PBXFileReference; fileEncoding = 4; lastKnownFileType = sourcecode.c.objc; path = "NSString+XMLExtensions.m"; sourceTree = "<group>"; };
		188AF8AB15AAA16C002CF1A1 /* AVFoundation.framework */ = {isa = PBXFileReference; lastKnownFileType = wrapper.framework; name = AVFoundation.framework; path = System/Library/Frameworks/AVFoundation.framework; sourceTree = SDKROOT; };
		188C727A15BC9A77004F7475 /* MyAVAudioPlayer.h */ = {isa = PBXFileReference; fileEncoding = 4; lastKnownFileType = sourcecode.c.h; path = MyAVAudioPlayer.h; sourceTree = "<group>"; };
		188C727B15BC9B81004F7475 /* MyAVAudioPlayer.m */ = {isa = PBXFileReference; fileEncoding = 4; lastKnownFileType = sourcecode.c.objc; path = MyAVAudioPlayer.m; sourceTree = "<group>"; };
		1D30AB110D05D00D00671497 /* Foundation.framework */ = {isa = PBXFileReference; lastKnownFileType = wrapper.framework; name = Foundation.framework; path = System/Library/Frameworks/Foundation.framework; sourceTree = SDKROOT; };
		1D3623240D0F684500981E51 /* JinzoraMobileAppDelegate.h */ = {isa = PBXFileReference; fileEncoding = 4; lastKnownFileType = sourcecode.c.h; path = JinzoraMobileAppDelegate.h; sourceTree = "<group>"; };
		1D3623250D0F684500981E51 /* JinzoraMobileAppDelegate.m */ = {isa = PBXFileReference; fileEncoding = 4; lastKnownFileType = sourcecode.c.objc; path = JinzoraMobileAppDelegate.m; sourceTree = "<group>"; };
		1D6058910D05DD3D006BFB54 /* JinzoraMobile.app */ = {isa = PBXFileReference; explicitFileType = wrapper.application; includeInIndex = 0; path = JinzoraMobile.app; sourceTree = BUILT_PRODUCTS_DIR; };
		1DF5F4DF0D08C38300B7A737 /* UIKit.framework */ = {isa = PBXFileReference; lastKnownFileType = wrapper.framework; name = UIKit.framework; path = System/Library/Frameworks/UIKit.framework; sourceTree = SDKROOT; };
		288765FC0DF74451002DB57D /* CoreGraphics.framework */ = {isa = PBXFileReference; lastKnownFileType = wrapper.framework; name = CoreGraphics.framework; path = System/Library/Frameworks/CoreGraphics.framework; sourceTree = SDKROOT; };
		28AD733E0D9D9553002E5188 /* MainWindow.xib */ = {isa = PBXFileReference; lastKnownFileType = file.xib; path = MainWindow.xib; sourceTree = "<group>"; };
		29B97316FDCFA39411CA2CEA /* main.m */ = {isa = PBXFileReference; fileEncoding = 4; lastKnownFileType = sourcecode.c.objc; path = main.m; sourceTree = "<group>"; };
		32CA4F630368D1EE00C91783 /* JinzoraMobile_Prefix.pch */ = {isa = PBXFileReference; fileEncoding = 4; lastKnownFileType = sourcecode.c.h; path = JinzoraMobile_Prefix.pch; sourceTree = "<group>"; };
		8D1107310486CEB800E47090 /* JinzoraMobile-Info.plist */ = {isa = PBXFileReference; fileEncoding = 4; lastKnownFileType = text.plist.xml; path = "JinzoraMobile-Info.plist"; plistStructureDefinitionIdentifier = "com.apple.xcode.plist.structure-definition.iphone.info-plist"; sourceTree = "<group>"; };
/* End PBXFileReference section */

/* Begin PBXFrameworksBuildPhase section */
		1D60588F0D05DD3D006BFB54 /* Frameworks */ = {
			isa = PBXFrameworksBuildPhase;
			buildActionMask = 2147483647;
			files = (
				1837786015B9316900BD78EB /* SystemConfiguration.framework in Frameworks */,
				188AF8AC15AAA16C002CF1A1 /* AVFoundation.framework in Frameworks */,
				1D60589F0D05DD5A006BFB54 /* Foundation.framework in Frameworks */,
				1DF5F4E00D08C38300B7A737 /* UIKit.framework in Frameworks */,
				288765FD0DF74451002DB57D /* CoreGraphics.framework in Frameworks */,
				15CF7B6E1006AA0A000C2E75 /* MediaPlayer.framework in Frameworks */,
				15CF7D801006BE26000C2E75 /* QuartzCore.framework in Frameworks */,
				15CF7D841006BE30000C2E75 /* CFNetwork.framework in Frameworks */,
				15CF7D881006BE49000C2E75 /* AudioToolbox.framework in Frameworks */,
				15E3B6C31028DA20007B0911 /* AddressBook.framework in Frameworks */,
				15E3B6C71028DA28007B0911 /* AddressBookUI.framework in Frameworks */,
			);
			runOnlyForDeploymentPostprocessing = 0;
		};
/* End PBXFrameworksBuildPhase section */

/* Begin PBXGroup section */
		080E96DDFE201D6D7F000001 /* Classes */ = {
			isa = PBXGroup;
			children = (
				15EBC6371012EAC500A80EFD /* JSON */,
				15CF7AE11006A636000C2E75 /* XMLRPC */,
				15CF7ADC1006A61E000C2E75 /* Model */,
				1D3623240D0F684500981E51 /* JinzoraMobileAppDelegate.h */,
				1D3623250D0F684500981E51 /* JinzoraMobileAppDelegate.m */,
				15CF7CA41006AFD8000C2E75 /* BrowseViewController.h */,
				15CF7CA51006AFD9000C2E75 /* BrowseViewController.m */,
				18890DE915A951AA00F5B581 /* DownloadViewController.h */,
				18890DEA15A951AA00F5B581 /* DownloadViewController.m */,
				15CF7D8F1006BF51000C2E75 /* PlayViewController.h */,
				15CF7D901006BF51000C2E75 /* PlayViewController.m */,
				15E216DC100BB83D003283CF /* PlaylistViewController.h */,
				15E216DD100BB83D003283CF /* PlaylistViewController.m */,
				15AD8CAC10A0BA1F00074A9B /* ServersViewController.h */,
				15AD8CAD10A0BA1F00074A9B /* ServersViewController.m */,
				15126A7F12612C5F000C7743 /* FollowersViewController.h */,
				15126A8012612C5F000C7743 /* FollowersViewController.m */,
				15126B0712624530000C7743 /* RecentsViewController.h */,
				15126B0812624530000C7743 /* RecentsViewController.m */,
				15686C2E100BE4DB00369DE3 /* PreferencesViewController.h */,
				15686C2F100BE4DB00369DE3 /* PreferencesViewController.m */,
				1580DADC100D03050032424A /* ServerEditViewController.h */,
				1580DADD100D03050032424A /* ServerEditViewController.m */,
				15126A4B1261235D000C7743 /* RepSettingsViewController.h */,
				15126A4C1261235D000C7743 /* RepSettingsViewController.m */,
				15E2153B1007E6E3003283CF /* TrackHeaderView.h */,
				15E2153C1007E6E3003283CF /* TrackHeaderView.m */,
				15E215E61008059E003283CF /* AlbumArtView.h */,
				15E215E71008059E003283CF /* AlbumArtView.m */,
				15CF7AC51006A59B000C2E75 /* Utilities.h */,
				15CF7AC61006A59B000C2E75 /* Utilities.m */,
				15686CBE100C05DB00369DE3 /* Preferences.h */,
				15686CBF100C05DB00369DE3 /* Preferences.m */,
				15CF7D401006B911000C2E75 /* Playlist.h */,
				15CF7D411006B911000C2E75 /* Playlist.m */,
				1837786215B9336600BD78EB /* Reachability.m */,
				1837786115B9334E00BD78EB /* Reachability.h */,
				15CF7D421006B911000C2E75 /* Song.h */,
				15CF7D431006B911000C2E75 /* Song.m */,
				188C727A15BC9A77004F7475 /* MyAVAudioPlayer.h */,
				188C727B15BC9B81004F7475 /* MyAVAudioPlayer.m */,
				15F6FD011030EA3D00D9AA50 /* AudioStreamer.h */,
				15F6FD001030EA3D00D9AA50 /* AudioStreamer.m */,
				155E13E4101263C100EB8765 /* RCSemaphore.h */,
				155E13E3101263C100EB8765 /* RCSemaphore.m */,
				1568E6391023B400005F14A8 /* NSData+Base64.m */,
				1568E63A1023B400005F14A8 /* NSData+Base64.h */,
			);
			path = Classes;
			sourceTree = "<group>";
		};
		15CF7AC91006A5D1000C2E75 /* Images */ = {
			isa = PBXGroup;
			children = (
				153AD0C6103F17EB006E24B7 /* add_tiny_pressed.png */,
				153AD0C8103F17EB006E24B7 /* add_tiny.png */,
				153AD0C7103F17EB006E24B7 /* play_small.png */,
				153AD0CC103F17EB006E24B7 /* play_small_presed.png */,
				153AD0E3103F18DC006E24B7 /* pause_small_pressed.png */,
				153AD0E4103F18DC006E24B7 /* pause_small.png */,
				15983589103B58C3007589E8 /* playlist_bar_icon.png */,
				1598357E103B5424007589E8 /* add_bar_icon.png */,
				1598357F103B5424007589E8 /* play_bar_icon.png */,
				153ACFE4103E174C006E24B7 /* background.png */,
				153ACFE5103E174C006E24B7 /* Default.png */,
				157BB74A111A20D900D90986 /* defaultaa.jpg */,
				1598353D103B515C007589E8 /* backgroundold.png */,
				15983540103B5240007589E8 /* backgroundblue.png */,
				15CF7ACA1006A5E8000C2E75 /* backgroundorigin.png */,
				1598325E103A1D7F007589E8 /* play_pressedA.png */,
				1598325F103A1D7F007589E8 /* playA.png */,
				15983260103A1D7F007589E8 /* pause_pressedA.png */,
				15983261103A1D7F007589E8 /* pauseA.png */,
				15983262103A1D7F007589E8 /* forward_pressedA.png */,
				15983263103A1D7F007589E8 /* backA.png */,
				15983264103A1D7F007589E8 /* back_pressedA.png */,
				15983265103A1D7F007589E8 /* forwardA.png */,
				159831E8103A14E7007589E8 /* backB.png */,
				159831E9103A14E7007589E8 /* forward_pressedB.png */,
				159831EA103A14E7007589E8 /* pause_pressedB.png */,
				159831EB103A14E7007589E8 /* forwardB.png */,
				159831EC103A14E7007589E8 /* back_pressedB.png */,
				159831ED103A14E7007589E8 /* pauseB.png */,
				159831E3103A122D007589E8 /* play_pressedB.png */,
				159831E4103A122D007589E8 /* playB.png */,
				1553CADA1016712500B5BD1B /* bwicon.png */,
				1580DB82100D2F550032424A /* playview.png */,
				1561ED93111C1617005F13F7 /* serversview.png */,
				1580DB84100D2FBD0032424A /* browseview.png */,
				1580DB86100D2FD50032424A /* preferencesview.png */,
			);
			name = Images;
			sourceTree = "<group>";
		};
		15CF7ADC1006A61E000C2E75 /* Model */ = {
			isa = PBXGroup;
			children = (
				18890DED15A9570200F5B581 /* NSString+XMLExtensions.h */,
				18890DEE15A9577A00F5B581 /* NSString+XMLExtensions.m */,
			);
			name = Model;
			sourceTree = "<group>";
		};
		15CF7AE11006A636000C2E75 /* XMLRPC */ = {
			isa = PBXGroup;
			children = (
				15CF7AE21006A636000C2E75 /* XMLValueDecoder.h */,
				15CF7AE31006A636000C2E75 /* XMLValueDecoder.m */,
				15CF7AE41006A636000C2E75 /* XMLRPCConnection.h */,
				15CF7AE51006A636000C2E75 /* XMLRPCConnection.m */,
				15CF7AE61006A636000C2E75 /* XMLRPCDecoder.h */,
				15CF7AE71006A636000C2E75 /* XMLRPCDecoder.m */,
				15CF7AE81006A636000C2E75 /* XMLRPCEncoder.h */,
				15CF7AE91006A636000C2E75 /* XMLRPCEncoder.m */,
				15CF7AEA1006A636000C2E75 /* XMLRPCExtensions.h */,
				15CF7AEB1006A636000C2E75 /* XMLRPCExtensions.m */,
				15CF7AEC1006A636000C2E75 /* XMLRPCRequest.h */,
				15CF7AED1006A636000C2E75 /* XMLRPCRequest.m */,
				15CF7AEE1006A636000C2E75 /* XMLRPCResponse.h */,
				15CF7AEF1006A636000C2E75 /* XMLRPCResponse.m */,
				1568E5B81023B11F005F14A8 /* XMLRPCRequest+RuvenExtensions.h */,
				1568E5B91023B11F005F14A8 /* XMLRPCRequest+RuvenExtensions.m */,
			);
			path = XMLRPC;
			sourceTree = "<group>";
		};
		15EBC6371012EAC500A80EFD /* JSON */ = {
			isa = PBXGroup;
			children = (
				15EBC6381012EAC500A80EFD /* JSON.h */,
				15EBC6391012EAC500A80EFD /* NSObject+SBJSON.h */,
				15EBC63A1012EAC500A80EFD /* NSObject+SBJSON.m */,
				15EBC63B1012EAC500A80EFD /* NSString+SBJSON.h */,
				15EBC63C1012EAC500A80EFD /* NSString+SBJSON.m */,
				15EBC63D1012EAC500A80EFD /* SBJSON.h */,
				15EBC63E1012EAC500A80EFD /* SBJSON.m */,
				15EBC63F1012EAC500A80EFD /* SBJsonBase.h */,
				15EBC6401012EAC500A80EFD /* SBJsonBase.m */,
				15EBC6411012EAC500A80EFD /* SBJsonParser.h */,
				15EBC6421012EAC500A80EFD /* SBJsonParser.m */,
				15EBC6431012EAC500A80EFD /* SBJsonWriter.h */,
				15EBC6441012EAC500A80EFD /* SBJsonWriter.m */,
			);
			path = JSON;
			sourceTree = "<group>";
		};
		19C28FACFE9D520D11CA2CBB /* Products */ = {
			isa = PBXGroup;
			children = (
				1D6058910D05DD3D006BFB54 /* JinzoraMobile.app */,
			);
			name = Products;
			sourceTree = "<group>";
		};
		29B97314FDCFA39411CA2CEA /* CustomTemplate */ = {
			isa = PBXGroup;
			children = (
				080E96DDFE201D6D7F000001 /* Classes */,
				29B97315FDCFA39411CA2CEA /* Other Sources */,
				29B97317FDCFA39411CA2CEA /* Resources */,
				29B97323FDCFA39411CA2CEA /* Frameworks */,
				19C28FACFE9D520D11CA2CBB /* Products */,
			);
			name = CustomTemplate;
			sourceTree = "<group>";
		};
		29B97315FDCFA39411CA2CEA /* Other Sources */ = {
			isa = PBXGroup;
			children = (
				32CA4F630368D1EE00C91783 /* JinzoraMobile_Prefix.pch */,
				29B97316FDCFA39411CA2CEA /* main.m */,
			);
			name = "Other Sources";
			sourceTree = "<group>";
		};
		29B97317FDCFA39411CA2CEA /* Resources */ = {
			isa = PBXGroup;
			children = (
				15CF7AC91006A5D1000C2E75 /* Images */,
				28AD733E0D9D9553002E5188 /* MainWindow.xib */,
				15CF7D911006BF51000C2E75 /* PlayViewController.xib */,
				15686C3B100BE70800369DE3 /* PreferencesViewController.xib */,
				15126A4E12612372000C7743 /* RepSettingsViewController.xib */,
				1580DADE100D03050032424A /* ServerEditViewController.xib */,
				8D1107310486CEB800E47090 /* JinzoraMobile-Info.plist */,
				150D348B10112DD200486FDB /* JinzoraSmall.png */,
			);
			name = Resources;
			sourceTree = "<group>";
		};
		29B97323FDCFA39411CA2CEA /* Frameworks */ = {
			isa = PBXGroup;
			children = (
				188AF8AB15AAA16C002CF1A1 /* AVFoundation.framework */,
				1837785F15B9316900BD78EB /* SystemConfiguration.framework */,
				15E3B6C61028DA28007B0911 /* AddressBookUI.framework */,
				15E3B6C21028DA20007B0911 /* AddressBook.framework */,
				15CF7D871006BE49000C2E75 /* AudioToolbox.framework */,
				15CF7D831006BE30000C2E75 /* CFNetwork.framework */,
				15CF7D7F1006BE26000C2E75 /* QuartzCore.framework */,
				15CF7B6D1006AA0A000C2E75 /* MediaPlayer.framework */,
				1DF5F4DF0D08C38300B7A737 /* UIKit.framework */,
				1D30AB110D05D00D00671497 /* Foundation.framework */,
				288765FC0DF74451002DB57D /* CoreGraphics.framework */,
			);
			name = Frameworks;
			sourceTree = "<group>";
		};
/* End PBXGroup section */

/* Begin PBXNativeTarget section */
		1D6058900D05DD3D006BFB54 /* JinzoraMobile */ = {
			isa = PBXNativeTarget;
			buildConfigurationList = 1D6058960D05DD3E006BFB54 /* Build configuration list for PBXNativeTarget "JinzoraMobile" */;
			buildPhases = (
				1D60588D0D05DD3D006BFB54 /* Resources */,
				1D60588E0D05DD3D006BFB54 /* Sources */,
				1D60588F0D05DD3D006BFB54 /* Frameworks */,
			);
			buildRules = (
			);
			dependencies = (
			);
			name = JinzoraMobile;
			productName = JinzoraMobile;
			productReference = 1D6058910D05DD3D006BFB54 /* JinzoraMobile.app */;
			productType = "com.apple.product-type.application";
		};
/* End PBXNativeTarget section */

/* Begin PBXProject section */
		29B97313FDCFA39411CA2CEA /* Project object */ = {
			isa = PBXProject;
			attributes = {
				LastUpgradeCheck = 0430;
			};
			buildConfigurationList = C01FCF4E08A954540054247B /* Build configuration list for PBXProject "JinzoraMobile" */;
			compatibilityVersion = "Xcode 3.2";
			developmentRegion = English;
			hasScannedForEncodings = 1;
			knownRegions = (
				English,
				Japanese,
				French,
				German,
			);
			mainGroup = 29B97314FDCFA39411CA2CEA /* CustomTemplate */;
			projectDirPath = "";
			projectRoot = "";
			targets = (
				1D6058900D05DD3D006BFB54 /* JinzoraMobile */,
			);
		};
/* End PBXProject section */

/* Begin PBXResourcesBuildPhase section */
		1D60588D0D05DD3D006BFB54 /* Resources */ = {
			isa = PBXResourcesBuildPhase;
			buildActionMask = 2147483647;
			files = (
				28AD733F0D9D9553002E5188 /* MainWindow.xib in Resources */,
				15CF7AD31006A5E8000C2E75 /* backgroundorigin.png in Resources */,
				15CF7D931006BF51000C2E75 /* PlayViewController.xib in Resources */,
				15686C3C100BE70800369DE3 /* PreferencesViewController.xib in Resources */,
				1580DAE0100D03050032424A /* ServerEditViewController.xib in Resources */,
				1580DB83100D2F550032424A /* playview.png in Resources */,
				1580DB85100D2FBD0032424A /* browseview.png in Resources */,
				1580DB87100D2FD50032424A /* preferencesview.png in Resources */,
				150D348C10112DD200486FDB /* JinzoraSmall.png in Resources */,
				1553CADB1016712500B5BD1B /* bwicon.png in Resources */,
				159831E5103A122D007589E8 /* play_pressedB.png in Resources */,
				159831E6103A122D007589E8 /* playB.png in Resources */,
				159831EE103A14E7007589E8 /* backB.png in Resources */,
				159831EF103A14E7007589E8 /* forward_pressedB.png in Resources */,
				159831F0103A14E7007589E8 /* pause_pressedB.png in Resources */,
				159831F1103A14E7007589E8 /* forwardB.png in Resources */,
				159831F2103A14E7007589E8 /* back_pressedB.png in Resources */,
				159831F3103A14E7007589E8 /* pauseB.png in Resources */,
				15983266103A1D7F007589E8 /* play_pressedA.png in Resources */,
				15983267103A1D7F007589E8 /* playA.png in Resources */,
				15983268103A1D7F007589E8 /* pause_pressedA.png in Resources */,
				15983269103A1D7F007589E8 /* pauseA.png in Resources */,
				1598326A103A1D7F007589E8 /* forward_pressedA.png in Resources */,
				1598326B103A1D7F007589E8 /* backA.png in Resources */,
				1598326C103A1D7F007589E8 /* back_pressedA.png in Resources */,
				1598326D103A1D7F007589E8 /* forwardA.png in Resources */,
				1598353E103B515C007589E8 /* backgroundold.png in Resources */,
				15983541103B5240007589E8 /* backgroundblue.png in Resources */,
				15983580103B5424007589E8 /* add_bar_icon.png in Resources */,
				15983581103B5424007589E8 /* play_bar_icon.png in Resources */,
				1598358A103B58C3007589E8 /* playlist_bar_icon.png in Resources */,
				153ACFE6103E174C006E24B7 /* background.png in Resources */,
				153ACFE7103E174C006E24B7 /* Default.png in Resources */,
				153AD0D2103F17EB006E24B7 /* add_tiny_pressed.png in Resources */,
				153AD0D3103F17EB006E24B7 /* play_small.png in Resources */,
				153AD0D4103F17EB006E24B7 /* add_tiny.png in Resources */,
				153AD0D8103F17EB006E24B7 /* play_small_presed.png in Resources */,
				153AD0E5103F18DC006E24B7 /* pause_small_pressed.png in Resources */,
				153AD0E6103F18DC006E24B7 /* pause_small.png in Resources */,
				157BB74B111A20D900D90986 /* defaultaa.jpg in Resources */,
				1561ED94111C1617005F13F7 /* serversview.png in Resources */,
				15126A4F12612372000C7743 /* RepSettingsViewController.xib in Resources */,
			);
			runOnlyForDeploymentPostprocessing = 0;
		};
/* End PBXResourcesBuildPhase section */

/* Begin PBXSourcesBuildPhase section */
		1D60588E0D05DD3D006BFB54 /* Sources */ = {
			isa = PBXSourcesBuildPhase;
			buildActionMask = 2147483647;
			files = (
				1D60589B0D05DD56006BFB54 /* main.m in Sources */,
				1D3623260D0F684500981E51 /* JinzoraMobileAppDelegate.m in Sources */,
				15CF7AC71006A59B000C2E75 /* Utilities.m in Sources */,
				15CF7AF01006A636000C2E75 /* XMLValueDecoder.m in Sources */,
				15CF7AF11006A636000C2E75 /* XMLRPCConnection.m in Sources */,
				15CF7AF21006A636000C2E75 /* XMLRPCDecoder.m in Sources */,
				15CF7AF31006A636000C2E75 /* XMLRPCEncoder.m in Sources */,
				15CF7AF41006A636000C2E75 /* XMLRPCExtensions.m in Sources */,
				15CF7AF51006A636000C2E75 /* XMLRPCRequest.m in Sources */,
				15CF7AF61006A636000C2E75 /* XMLRPCResponse.m in Sources */,
				15CF7CA61006AFD9000C2E75 /* BrowseViewController.m in Sources */,
				15CF7D441006B911000C2E75 /* Playlist.m in Sources */,
				15CF7D451006B911000C2E75 /* Song.m in Sources */,
				15CF7D921006BF51000C2E75 /* PlayViewController.m in Sources */,
				15E2153D1007E6E3003283CF /* TrackHeaderView.m in Sources */,
				15E215E81008059E003283CF /* AlbumArtView.m in Sources */,
				15E216DE100BB83D003283CF /* PlaylistViewController.m in Sources */,
				15686C31100BE4DB00369DE3 /* PreferencesViewController.m in Sources */,
				15686CC0100C05DB00369DE3 /* Preferences.m in Sources */,
				1580DADF100D03050032424A /* ServerEditViewController.m in Sources */,
				155E13E5101263C100EB8765 /* RCSemaphore.m in Sources */,
				15EBC6451012EAC500A80EFD /* NSObject+SBJSON.m in Sources */,
				15EBC6461012EAC500A80EFD /* NSString+SBJSON.m in Sources */,
				15EBC6471012EAC500A80EFD /* SBJSON.m in Sources */,
				15EBC6481012EAC500A80EFD /* SBJsonBase.m in Sources */,
				15EBC6491012EAC500A80EFD /* SBJsonParser.m in Sources */,
				15EBC64A1012EAC500A80EFD /* SBJsonWriter.m in Sources */,
				1568E5BA1023B11F005F14A8 /* XMLRPCRequest+RuvenExtensions.m in Sources */,
				1568E63B1023B400005F14A8 /* NSData+Base64.m in Sources */,
				15F6FD021030EA3D00D9AA50 /* AudioStreamer.m in Sources */,
				15AD8CAE10A0BA1F00074A9B /* ServersViewController.m in Sources */,
				15126A4D1261235D000C7743 /* RepSettingsViewController.m in Sources */,
				15126A8112612C5F000C7743 /* FollowersViewController.m in Sources */,
				15126B0912624530000C7743 /* RecentsViewController.m in Sources */,
				18890DEB15A951AA00F5B581 /* DownloadViewController.m in Sources */,
				18890DEF15A9577A00F5B581 /* NSString+XMLExtensions.m in Sources */,
				1837786315B9336600BD78EB /* Reachability.m in Sources */,
				188C727C15BC9B81004F7475 /* MyAVAudioPlayer.m in Sources */,
			);
			runOnlyForDeploymentPostprocessing = 0;
		};
/* End PBXSourcesBuildPhase section */

/* Begin XCBuildConfiguration section */
		15B6224D111C294700CAE166 /* Distribution */ = {
			isa = XCBuildConfiguration;
			buildSettings = {
				ARCHS = "$(ARCHS_STANDARD_32_BIT)";
				CODE_SIGN_ENTITLEMENTS = "";
				CODE_SIGN_IDENTITY = "iPhone Distribution: Ruven Chu";
				"CODE_SIGN_IDENTITY[sdk=iphoneos*]" = "iPhone Distribution: Ruven Chu";
				GCC_C_LANGUAGE_STANDARD = c99;
				GCC_WARN_ABOUT_RETURN_TYPE = YES;
				GCC_WARN_UNUSED_VARIABLE = YES;
				PROVISIONING_PROFILE = "12C56783-6D23-40B3-B0D9-92FB6BD61A3B";
				"PROVISIONING_PROFILE[sdk=iphoneos*]" = "12C56783-6D23-40B3-B0D9-92FB6BD61A3B";
				SDKROOT = iphoneos;
			};
			name = Distribution;
		};
		15B6224E111C294700CAE166 /* Distribution */ = {
			isa = XCBuildConfiguration;
			buildSettings = {
				ALWAYS_SEARCH_USER_PATHS = NO;
				"CODE_SIGN_IDENTITY[sdk=iphoneos*]" = "iPhone Distribution";
				COPY_PHASE_STRIP = YES;
				GCC_PRECOMPILE_PREFIX_HEADER = YES;
				GCC_PREFIX_HEADER = JinzoraMobile_Prefix.pch;
				INFOPLIST_FILE = "JinzoraMobile-Info.plist";
				PRODUCT_NAME = JinzoraMobile;
				"PROVISIONING_PROFILE[sdk=iphoneos*]" = "";
			};
			name = Distribution;
		};
		1D6058940D05DD3E006BFB54 /* Debug */ = {
			isa = XCBuildConfiguration;
			buildSettings = {
				ALWAYS_SEARCH_USER_PATHS = NO;
				"CODE_SIGN_IDENTITY[sdk=iphoneos*]" = "iPhone Developer";
				COPY_PHASE_STRIP = NO;
				GCC_DYNAMIC_NO_PIC = NO;
				GCC_OPTIMIZATION_LEVEL = 0;
				GCC_PRECOMPILE_PREFIX_HEADER = YES;
				GCC_PREFIX_HEADER = JinzoraMobile_Prefix.pch;
				INFOPLIST_FILE = "JinzoraMobile-Info.plist";
				PRODUCT_NAME = JinzoraMobile;
				"PROVISIONING_PROFILE[sdk=iphoneos*]" = "";
			};
			name = Debug;
		};
		1D6058950D05DD3E006BFB54 /* Release */ = {
			isa = XCBuildConfiguration;
			buildSettings = {
				ALWAYS_SEARCH_USER_PATHS = NO;
				"CODE_SIGN_IDENTITY[sdk=iphoneos*]" = "iPhone Developer";
				COPY_PHASE_STRIP = YES;
				GCC_PRECOMPILE_PREFIX_HEADER = YES;
				GCC_PREFIX_HEADER = JinzoraMobile_Prefix.pch;
				INFOPLIST_FILE = "JinzoraMobile-Info.plist";
				PRODUCT_NAME = JinzoraMobile;
				"PROVISIONING_PROFILE[sdk=iphoneos*]" = "";
			};
			name = Release;
		};
		C01FCF4F08A954540054247B /* Debug */ = {
			isa = XCBuildConfiguration;
			buildSettings = {
				ARCHS = "$(ARCHS_STANDARD_32_BIT)";
				CODE_SIGN_IDENTITY = "Don't Code Sign";
				"CODE_SIGN_IDENTITY[sdk=iphoneos*]" = "Don't Code Sign";
				GCC_C_LANGUAGE_STANDARD = c99;
				GCC_WARN_ABOUT_RETURN_TYPE = YES;
				GCC_WARN_UNUSED_VARIABLE = YES;
				HEADER_SEARCH_PATHS = "/Developer/Platforms/iPhoneOS.platform/Developer/SDKs/iPhoneOS2.0.sdk/usr/include/libxml2/**";
				OTHER_LDFLAGS = "-lxml2";
				PROVISIONING_PROFILE = "";
				"PROVISIONING_PROFILE[sdk=iphoneos*]" = "";
				SDKROOT = iphoneos;
			};
			name = Debug;
		};
		C01FCF5008A954540054247B /* Release */ = {
			isa = XCBuildConfiguration;
			buildSettings = {
				ARCHS = "$(ARCHS_STANDARD_32_BIT)";
				CODE_SIGN_IDENTITY = "Don't Code Sign";
				"CODE_SIGN_IDENTITY[sdk=iphoneos*]" = "Don't Code Sign";
				GCC_C_LANGUAGE_STANDARD = c99;
				GCC_WARN_ABOUT_RETURN_TYPE = YES;
				GCC_WARN_UNUSED_VARIABLE = YES;
				PROVISIONING_PROFILE = "";
				"PROVISIONING_PROFILE[sdk=iphoneos*]" = "";
				SDKROOT = iphoneos;
			};
			name = Release;
		};
/* End XCBuildConfiguration section */

/* Begin XCConfigurationList section */
		1D6058960D05DD3E006BFB54 /* Build configuration list for PBXNativeTarget "JinzoraMobile" */ = {
			isa = XCConfigurationList;
			buildConfigurations = (
				1D6058940D05DD3E006BFB54 /* Debug */,
				1D6058950D05DD3E006BFB54 /* Release */,
				15B6224E111C294700CAE166 /* Distribution */,
			);
			defaultConfigurationIsVisible = 0;
			defaultConfigurationName = Release;
		};
		C01FCF4E08A954540054247B /* Build configuration list for PBXProject "JinzoraMobile" */ = {
			isa = XCConfigurationList;
			buildConfigurations = (
				C01FCF4F08A954540054247B /* Debug */,
				C01FCF5008A954540054247B /* Release */,
				15B6224D111C294700CAE166 /* Distribution */,
			);
			defaultConfigurationIsVisible = 0;
			defaultConfigurationName = Release;
		};
/* End XCConfigurationList section */
	};
	rootObject = 29B97313FDCFA39411CA2CEA /* Project object */;
}
